// !$*UTF8*$!
{
	archiveVersion = 1;
	classes = {
	};
	objectVersion = 50;
	objects = {

/* Begin PBXBuildFile section */
		FDBCC5CA232443D80076C007 /* AppDelegate.swift in Sources */ = {isa = PBXBuildFile; fileRef = FDBCC5C9232443D80076C007 /* AppDelegate.swift */; };
		FDBCC5CC232443D80076C007 /* ViewController.swift in Sources */ = {isa = PBXBuildFile; fileRef = FDBCC5CB232443D80076C007 /* ViewController.swift */; };
		FDBCC5CF232443D80076C007 /* Main.storyboard in Resources */ = {isa = PBXBuildFile; fileRef = FDBCC5CD232443D80076C007 /* Main.storyboard */; };
		FDBCC5D1232443DB0076C007 /* Assets.xcassets in Resources */ = {isa = PBXBuildFile; fileRef = FDBCC5D0232443DB0076C007 /* Assets.xcassets */; };
		FDBCC5D4232443DB0076C007 /* LaunchScreen.storyboard in Resources */ = {isa = PBXBuildFile; fileRef = FDBCC5D2232443DB0076C007 /* LaunchScreen.storyboard */; };
		FDBCC5DF232443DC0076C007 /* TicTacToeTests.swift in Sources */ = {isa = PBXBuildFile; fileRef = FDBCC5DE232443DC0076C007 /* TicTacToeTests.swift */; };
		FDBCC5EA232443DC0076C007 /* TicTacToeUITests.swift in Sources */ = {isa = PBXBuildFile; fileRef = FDBCC5E9232443DC0076C007 /* TicTacToeUITests.swift */; };
		FDBCC5F8232462D10076C007 /* GameBoard.swift in Sources */ = {isa = PBXBuildFile; fileRef = FDBCC5F7232462D10076C007 /* GameBoard.swift */; };
/* End PBXBuildFile section */

/* Begin PBXContainerItemProxy section */
		FDBCC5DB232443DC0076C007 /* PBXContainerItemProxy */ = {
			isa = PBXContainerItemProxy;
			containerPortal = FDBCC5BE232443D80076C007 /* Project object */;
			proxyType = 1;
			remoteGlobalIDString = FDBCC5C5232443D80076C007;
			remoteInfo = TicTacToe;
		};
		FDBCC5E6232443DC0076C007 /* PBXContainerItemProxy */ = {
			isa = PBXContainerItemProxy;
			containerPortal = FDBCC5BE232443D80076C007 /* Project object */;
			proxyType = 1;
			remoteGlobalIDString = FDBCC5C5232443D80076C007;
			remoteInfo = TicTacToe;
		};
/* End PBXContainerItemProxy section */

/* Begin PBXFileReference section */
		FDBCC5C6232443D80076C007 /* TicTacToe.app */ = {isa = PBXFileReference; explicitFileType = wrapper.application; includeInIndex = 0; path = TicTacToe.app; sourceTree = BUILT_PRODUCTS_DIR; };
		FDBCC5C9232443D80076C007 /* AppDelegate.swift */ = {isa = PBXFileReference; lastKnownFileType = sourcecode.swift; path = AppDelegate.swift; sourceTree = "<group>"; };
		FDBCC5CB232443D80076C007 /* ViewController.swift */ = {isa = PBXFileReference; lastKnownFileType = sourcecode.swift; path = ViewController.swift; sourceTree = "<group>"; };
		FDBCC5CE232443D80076C007 /* Base */ = {isa = PBXFileReference; lastKnownFileType = file.storyboard; name = Base; path = Base.lproj/Main.storyboard; sourceTree = "<group>"; };
		FDBCC5D0232443DB0076C007 /* Assets.xcassets */ = {isa = PBXFileReference; lastKnownFileType = folder.assetcatalog; path = Assets.xcassets; sourceTree = "<group>"; };
		FDBCC5D3232443DB0076C007 /* Base */ = {isa = PBXFileReference; lastKnownFileType = file.storyboard; name = Base; path = Base.lproj/LaunchScreen.storyboard; sourceTree = "<group>"; };
		FDBCC5D5232443DB0076C007 /* Info.plist */ = {isa = PBXFileReference; lastKnownFileType = text.plist.xml; path = Info.plist; sourceTree = "<group>"; };
		FDBCC5DA232443DC0076C007 /* TicTacToeTests.xctest */ = {isa = PBXFileReference; explicitFileType = wrapper.cfbundle; includeInIndex = 0; path = TicTacToeTests.xctest; sourceTree = BUILT_PRODUCTS_DIR; };
		FDBCC5DE232443DC0076C007 /* TicTacToeTests.swift */ = {isa = PBXFileReference; lastKnownFileType = sourcecode.swift; path = TicTacToeTests.swift; sourceTree = "<group>"; };
		FDBCC5E0232443DC0076C007 /* Info.plist */ = {isa = PBXFileReference; lastKnownFileType = text.plist.xml; path = Info.plist; sourceTree = "<group>"; };
		FDBCC5E5232443DC0076C007 /* TicTacToeUITests.xctest */ = {isa = PBXFileReference; explicitFileType = wrapper.cfbundle; includeInIndex = 0; path = TicTacToeUITests.xctest; sourceTree = BUILT_PRODUCTS_DIR; };
		FDBCC5E9232443DC0076C007 /* TicTacToeUITests.swift */ = {isa = PBXFileReference; lastKnownFileType = sourcecode.swift; path = TicTacToeUITests.swift; sourceTree = "<group>"; };
		FDBCC5EB232443DC0076C007 /* Info.plist */ = {isa = PBXFileReference; lastKnownFileType = text.plist.xml; path = Info.plist; sourceTree = "<group>"; };
		FDBCC5F7232462D10076C007 /* GameBoard.swift */ = {isa = PBXFileReference; lastKnownFileType = sourcecode.swift; path = GameBoard.swift; sourceTree = "<group>"; };
/* End PBXFileReference section */

/* Begin PBXFrameworksBuildPhase section */
		FDBCC5C3232443D80076C007 /* Frameworks */ = {
			isa = PBXFrameworksBuildPhase;
			buildActionMask = 2147483647;
			files = (
			);
			runOnlyForDeploymentPostprocessing = 0;
		};
		FDBCC5D7232443DC0076C007 /* Frameworks */ = {
			isa = PBXFrameworksBuildPhase;
			buildActionMask = 2147483647;
			files = (
			);
			runOnlyForDeploymentPostprocessing = 0;
		};
		FDBCC5E2232443DC0076C007 /* Frameworks */ = {
			isa = PBXFrameworksBuildPhase;
			buildActionMask = 2147483647;
			files = (
			);
			runOnlyForDeploymentPostprocessing = 0;
		};
/* End PBXFrameworksBuildPhase section */

/* Begin PBXGroup section */
		FDBCC5BD232443D80076C007 = {
			isa = PBXGroup;
			children = (
				FDBCC5C8232443D80076C007 /* TicTacToe */,
				FDBCC5DD232443DC0076C007 /* TicTacToeTests */,
				FDBCC5E8232443DC0076C007 /* TicTacToeUITests */,
				FDBCC5C7232443D80076C007 /* Products */,
			);
			sourceTree = "<group>";
		};
		FDBCC5C7232443D80076C007 /* Products */ = {
			isa = PBXGroup;
			children = (
				FDBCC5C6232443D80076C007 /* TicTacToe.app */,
				FDBCC5DA232443DC0076C007 /* TicTacToeTests.xctest */,
				FDBCC5E5232443DC0076C007 /* TicTacToeUITests.xctest */,
			);
			name = Products;
			sourceTree = "<group>";
		};
		FDBCC5C8232443D80076C007 /* TicTacToe */ = {
			isa = PBXGroup;
			children = (
				FDBCC5C9232443D80076C007 /* AppDelegate.swift */,
				FDBCC5CB232443D80076C007 /* ViewController.swift */,
				FDBCC5CD232443D80076C007 /* Main.storyboard */,
				FDBCC5D0232443DB0076C007 /* Assets.xcassets */,
				FDBCC5D2232443DB0076C007 /* LaunchScreen.storyboard */,
				FDBCC5D5232443DB0076C007 /* Info.plist */,
				FDBCC5F7232462D10076C007 /* GameBoard.swift */,
			);
			path = TicTacToe;
			sourceTree = "<group>";
		};
		FDBCC5DD232443DC0076C007 /* TicTacToeTests */ = {
			isa = PBXGroup;
			children = (
				FDBCC5DE232443DC0076C007 /* TicTacToeTests.swift */,
				FDBCC5E0232443DC0076C007 /* Info.plist */,
			);
			path = TicTacToeTests;
			sourceTree = "<group>";
		};
		FDBCC5E8232443DC0076C007 /* TicTacToeUITests */ = {
			isa = PBXGroup;
			children = (
				FDBCC5E9232443DC0076C007 /* TicTacToeUITests.swift */,
				FDBCC5EB232443DC0076C007 /* Info.plist */,
			);
			path = TicTacToeUITests;
			sourceTree = "<group>";
		};
/* End PBXGroup section */

/* Begin PBXNativeTarget section */
		FDBCC5C5232443D80076C007 /* TicTacToe */ = {
			isa = PBXNativeTarget;
			buildConfigurationList = FDBCC5EE232443DC0076C007 /* Build configuration list for PBXNativeTarget "TicTacToe" */;
			buildPhases = (
				FDBCC5C2232443D80076C007 /* Sources */,
				FDBCC5C3232443D80076C007 /* Frameworks */,
				FDBCC5C4232443D80076C007 /* Resources */,
			);
			buildRules = (
			);
			dependencies = (
			);
			name = TicTacToe;
			productName = TicTacToe;
			productReference = FDBCC5C6232443D80076C007 /* TicTacToe.app */;
			productType = "com.apple.product-type.application";
		};
		FDBCC5D9232443DC0076C007 /* TicTacToeTests */ = {
			isa = PBXNativeTarget;
			buildConfigurationList = FDBCC5F1232443DC0076C007 /* Build configuration list for PBXNativeTarget "TicTacToeTests" */;
			buildPhases = (
				FDBCC5D6232443DC0076C007 /* Sources */,
				FDBCC5D7232443DC0076C007 /* Frameworks */,
				FDBCC5D8232443DC0076C007 /* Resources */,
			);
			buildRules = (
			);
			dependencies = (
				FDBCC5DC232443DC0076C007 /* PBXTargetDependency */,
			);
			name = TicTacToeTests;
			productName = TicTacToeTests;
			productReference = FDBCC5DA232443DC0076C007 /* TicTacToeTests.xctest */;
			productType = "com.apple.product-type.bundle.unit-test";
		};
		FDBCC5E4232443DC0076C007 /* TicTacToeUITests */ = {
			isa = PBXNativeTarget;
			buildConfigurationList = FDBCC5F4232443DC0076C007 /* Build configuration list for PBXNativeTarget "TicTacToeUITests" */;
			buildPhases = (
				FDBCC5E1232443DC0076C007 /* Sources */,
				FDBCC5E2232443DC0076C007 /* Frameworks */,
				FDBCC5E3232443DC0076C007 /* Resources */,
			);
			buildRules = (
			);
			dependencies = (
				FDBCC5E7232443DC0076C007 /* PBXTargetDependency */,
			);
			name = TicTacToeUITests;
			productName = TicTacToeUITests;
			productReference = FDBCC5E5232443DC0076C007 /* TicTacToeUITests.xctest */;
			productType = "com.apple.product-type.bundle.ui-testing";
		};
/* End PBXNativeTarget section */

/* Begin PBXProject section */
		FDBCC5BE232443D80076C007 /* Project object */ = {
			isa = PBXProject;
			attributes = {
				LastSwiftUpdateCheck = 1030;
				LastUpgradeCheck = 1030;
				ORGANIZATIONNAME = FIU;
				TargetAttributes = {
					FDBCC5C5232443D80076C007 = {
						CreatedOnToolsVersion = 10.3;
					};
					FDBCC5D9232443DC0076C007 = {
						CreatedOnToolsVersion = 10.3;
						TestTargetID = FDBCC5C5232443D80076C007;
					};
					FDBCC5E4232443DC0076C007 = {
						CreatedOnToolsVersion = 10.3;
						TestTargetID = FDBCC5C5232443D80076C007;
					};
				};
			};
			buildConfigurationList = FDBCC5C1232443D80076C007 /* Build configuration list for PBXProject "TicTacToe" */;
			compatibilityVersion = "Xcode 9.3";
			developmentRegion = en;
			hasScannedForEncodings = 0;
			knownRegions = (
				en,
				Base,
			);
			mainGroup = FDBCC5BD232443D80076C007;
			productRefGroup = FDBCC5C7232443D80076C007 /* Products */;
			projectDirPath = "";
			projectRoot = "";
			targets = (
				FDBCC5C5232443D80076C007 /* TicTacToe */,
				FDBCC5D9232443DC0076C007 /* TicTacToeTests */,
				FDBCC5E4232443DC0076C007 /* TicTacToeUITests */,
			);
		};
/* End PBXProject section */

/* Begin PBXResourcesBuildPhase section */
		FDBCC5C4232443D80076C007 /* Resources */ = {
			isa = PBXResourcesBuildPhase;
			buildActionMask = 2147483647;
			files = (
				FDBCC5D4232443DB0076C007 /* LaunchScreen.storyboard in Resources */,
				FDBCC5D1232443DB0076C007 /* Assets.xcassets in Resources */,
				FDBCC5CF232443D80076C007 /* Main.storyboard in Resources */,
			);
			runOnlyForDeploymentPostprocessing = 0;
		};
		FDBCC5D8232443DC0076C007 /* Resources */ = {
			isa = PBXResourcesBuildPhase;
			buildActionMask = 2147483647;
			files = (
			);
			runOnlyForDeploymentPostprocessing = 0;
		};
		FDBCC5E3232443DC0076C007 /* Resources */ = {
			isa = PBXResourcesBuildPhase;
			buildActionMask = 2147483647;
			files = (
			);
			runOnlyForDeploymentPostprocessing = 0;
		};
/* End PBXResourcesBuildPhase section */

/* Begin PBXSourcesBuildPhase section */
		FDBCC5C2232443D80076C007 /* Sources */ = {
			isa = PBXSourcesBuildPhase;
			buildActionMask = 2147483647;
			files = (
				FDBCC5CC232443D80076C007 /* ViewController.swift in Sources */,
				FDBCC5F8232462D10076C007 /* GameBoard.swift in Sources */,
				FDBCC5CA232443D80076C007 /* AppDelegate.swift in Sources */,
			);
			runOnlyForDeploymentPostprocessing = 0;
		};
		FDBCC5D6232443DC0076C007 /* Sources */ = {
			isa = PBXSourcesBuildPhase;
			buildActionMask = 2147483647;
			files = (
				FDBCC5DF232443DC0076C007 /* TicTacToeTests.swift in Sources */,
			);
			runOnlyForDeploymentPostprocessing = 0;
		};
		FDBCC5E1232443DC0076C007 /* Sources */ = {
			isa = PBXSourcesBuildPhase;
			buildActionMask = 2147483647;
			files = (
				FDBCC5EA232443DC0076C007 /* TicTacToeUITests.swift in Sources */,
			);
			runOnlyForDeploymentPostprocessing = 0;
		};
/* End PBXSourcesBuildPhase section */

/* Begin PBXTargetDependency section */
		FDBCC5DC232443DC0076C007 /* PBXTargetDependency */ = {
			isa = PBXTargetDependency;
			target = FDBCC5C5232443D80076C007 /* TicTacToe */;
			targetProxy = FDBCC5DB232443DC0076C007 /* PBXContainerItemProxy */;
		};
		FDBCC5E7232443DC0076C007 /* PBXTargetDependency */ = {
			isa = PBXTargetDependency;
			target = FDBCC5C5232443D80076C007 /* TicTacToe */;
			targetProxy = FDBCC5E6232443DC0076C007 /* PBXContainerItemProxy */;
		};
/* End PBXTargetDependency section */

/* Begin PBXVariantGroup section */
		FDBCC5CD232443D80076C007 /* Main.storyboard */ = {
			isa = PBXVariantGroup;
			children = (
				FDBCC5CE232443D80076C007 /* Base */,
			);
			name = Main.storyboard;
			sourceTree = "<group>";
		};
		FDBCC5D2232443DB0076C007 /* LaunchScreen.storyboard */ = {
			isa = PBXVariantGroup;
			children = (
				FDBCC5D3232443DB0076C007 /* Base */,
			);
			name = LaunchScreen.storyboard;
			sourceTree = "<group>";
		};
/* End PBXVariantGroup section */

/* Begin XCBuildConfiguration section */
		FDBCC5EC232443DC0076C007 /* Debug */ = {
			isa = XCBuildConfiguration;
			buildSettings = {
				ALWAYS_SEARCH_USER_PATHS = NO;
				CLANG_ANALYZER_NONNULL = YES;
				CLANG_ANALYZER_NUMBER_OBJECT_CONVERSION = YES_AGGRESSIVE;
				CLANG_CXX_LANGUAGE_STANDARD = "gnu++14";
				CLANG_CXX_LIBRARY = "libc++";
				CLANG_ENABLE_MODULES = YES;
				CLANG_ENABLE_OBJC_ARC = YES;
				CLANG_ENABLE_OBJC_WEAK = YES;
				CLANG_WARN_BLOCK_CAPTURE_AUTORELEASING = YES;
				CLANG_WARN_BOOL_CONVERSION = YES;
				CLANG_WARN_COMMA = YES;
				CLANG_WARN_CONSTANT_CONVERSION = YES;
				CLANG_WARN_DEPRECATED_OBJC_IMPLEMENTATIONS = YES;
				CLANG_WARN_DIRECT_OBJC_ISA_USAGE = YES_ERROR;
				CLANG_WARN_DOCUMENTATION_COMMENTS = YES;
				CLANG_WARN_EMPTY_BODY = YES;
				CLANG_WARN_ENUM_CONVERSION = YES;
				CLANG_WARN_INFINITE_RECURSION = YES;
				CLANG_WARN_INT_CONVERSION = YES;
				CLANG_WARN_NON_LITERAL_NULL_CONVERSION = YES;
				CLANG_WARN_OBJC_IMPLICIT_RETAIN_SELF = YES;
				CLANG_WARN_OBJC_LITERAL_CONVERSION = YES;
				CLANG_WARN_OBJC_ROOT_CLASS = YES_ERROR;
				CLANG_WARN_RANGE_LOOP_ANALYSIS = YES;
				CLANG_WARN_STRICT_PROTOTYPES = YES;
				CLANG_WARN_SUSPICIOUS_MOVE = YES;
				CLANG_WARN_UNGUARDED_AVAILABILITY = YES_AGGRESSIVE;
				CLANG_WARN_UNREACHABLE_CODE = YES;
				CLANG_WARN__DUPLICATE_METHOD_MATCH = YES;
				CODE_SIGN_IDENTITY = "iPhone Developer";
				COPY_PHASE_STRIP = NO;
				DEBUG_INFORMATION_FORMAT = dwarf;
				ENABLE_STRICT_OBJC_MSGSEND = YES;
				ENABLE_TESTABILITY = YES;
				GCC_C_LANGUAGE_STANDARD = gnu11;
				GCC_DYNAMIC_NO_PIC = NO;
				GCC_NO_COMMON_BLOCKS = YES;
				GCC_OPTIMIZATION_LEVEL = 0;
				GCC_PREPROCESSOR_DEFINITIONS = (
					"DEBUG=1",
					"$(inherited)",
				);
				GCC_WARN_64_TO_32_BIT_CONVERSION = YES;
				GCC_WARN_ABOUT_RETURN_TYPE = YES_ERROR;
				GCC_WARN_UNDECLARED_SELECTOR = YES;
				GCC_WARN_UNINITIALIZED_AUTOS = YES_AGGRESSIVE;
				GCC_WARN_UNUSED_FUNCTION = YES;
				GCC_WARN_UNUSED_VARIABLE = YES;
				IPHONEOS_DEPLOYMENT_TARGET = 12.4;
				MTL_ENABLE_DEBUG_INFO = INCLUDE_SOURCE;
				MTL_FAST_MATH = YES;
				ONLY_ACTIVE_ARCH = YES;
				SDKROOT = iphoneos;
				SWIFT_ACTIVE_COMPILATION_CONDITIONS = DEBUG;
				SWIFT_OPTIMIZATION_LEVEL = "-Onone";
			};
			name = Debug;
		};
		FDBCC5ED232443DC0076C007 /* Release */ = {
			isa = XCBuildConfiguration;
			buildSettings = {
				ALWAYS_SEARCH_USER_PATHS = NO;
				CLANG_ANALYZER_NONNULL = YES;
				CLANG_ANALYZER_NUMBER_OBJECT_CONVERSION = YES_AGGRESSIVE;
				CLANG_CXX_LANGUAGE_STANDARD = "gnu++14";
				CLANG_CXX_LIBRARY = "libc++";
				CLANG_ENABLE_MODULES = YES;
				CLANG_ENABLE_OBJC_ARC = YES;
				CLANG_ENABLE_OBJC_WEAK = YES;
				CLANG_WARN_BLOCK_CAPTURE_AUTORELEASING = YES;
				CLANG_WARN_BOOL_CONVERSION = YES;
				CLANG_WARN_COMMA = YES;
				CLANG_WARN_CONSTANT_CONVERSION = YES;
				CLANG_WARN_DEPRECATED_OBJC_IMPLEMENTATIONS = YES;
				CLANG_WARN_DIRECT_OBJC_ISA_USAGE = YES_ERROR;
				CLANG_WARN_DOCUMENTATION_COMMENTS = YES;
				CLANG_WARN_EMPTY_BODY = YES;
				CLANG_WARN_ENUM_CONVERSION = YES;
				CLANG_WARN_INFINITE_RECURSION = YES;
				CLANG_WARN_INT_CONVERSION = YES;
				CLANG_WARN_NON_LITERAL_NULL_CONVERSION = YES;
				CLANG_WARN_OBJC_IMPLICIT_RETAIN_SELF = YES;
				CLANG_WARN_OBJC_LITERAL_CONVERSION = YES;
				CLANG_WARN_OBJC_ROOT_CLASS = YES_ERROR;
				CLANG_WARN_RANGE_LOOP_ANALYSIS = YES;
				CLANG_WARN_STRICT_PROTOTYPES = YES;
				CLANG_WARN_SUSPICIOUS_MOVE = YES;
				CLANG_WARN_UNGUARDED_AVAILABILITY = YES_AGGRESSIVE;
				CLANG_WARN_UNREACHABLE_CODE = YES;
				CLANG_WARN__DUPLICATE_METHOD_MATCH = YES;
				CODE_SIGN_IDENTITY = "iPhone Developer";
				COPY_PHASE_STRIP = NO;
				DEBUG_INFORMATION_FORMAT = "dwarf-with-dsym";
				ENABLE_NS_ASSERTIONS = NO;
				ENABLE_STRICT_OBJC_MSGSEND = YES;
				GCC_C_LANGUAGE_STANDARD = gnu11;
				GCC_NO_COMMON_BLOCKS = YES;
				GCC_WARN_64_TO_32_BIT_CONVERSION = YES;
				GCC_WARN_ABOUT_RETURN_TYPE = YES_ERROR;
				GCC_WARN_UNDECLARED_SELECTOR = YES;
				GCC_WARN_UNINITIALIZED_AUTOS = YES_AGGRESSIVE;
				GCC_WARN_UNUSED_FUNCTION = YES;
				GCC_WARN_UNUSED_VARIABLE = YES;
				IPHONEOS_DEPLOYMENT_TARGET = 12.4;
				MTL_ENABLE_DEBUG_INFO = NO;
				MTL_FAST_MATH = YES;
				SDKROOT = iphoneos;
				SWIFT_COMPILATION_MODE = wholemodule;
				SWIFT_OPTIMIZATION_LEVEL = "-O";
				VALIDATE_PRODUCT = YES;
			};
			name = Release;
		};
		FDBCC5EF232443DC0076C007 /* Debug */ = {
			isa = XCBuildConfiguration;
			buildSettings = {
				ASSETCATALOG_COMPILER_APPICON_NAME = AppIcon;
				CODE_SIGN_STYLE = Automatic;
				DEVELOPMENT_TEAM = 6HJJLXA64V;
				INFOPLIST_FILE = TicTacToe/Info.plist;
				LD_RUNPATH_SEARCH_PATHS = (
					"$(inherited)",
					"@executable_path/Frameworks",
				);
				PRODUCT_BUNDLE_IDENTIFIER = edu.fiu.TicTacToe;
				PRODUCT_NAME = "$(TARGET_NAME)";
				SWIFT_VERSION = 5.0;
				TARGETED_DEVICE_FAMILY = "1,2";
			};
			name = Debug;
		};
		FDBCC5F0232443DC0076C007 /* Release */ = {
			isa = XCBuildConfiguration;
			buildSettings = {
				ASSETCATALOG_COMPILER_APPICON_NAME = AppIcon;
				CODE_SIGN_STYLE = Automatic;
				DEVELOPMENT_TEAM = 6HJJLXA64V;
				INFOPLIST_FILE = TicTacToe/Info.plist;
				LD_RUNPATH_SEARCH_PATHS = (
					"$(inherited)",
					"@executable_path/Frameworks",
				);
				PRODUCT_BUNDLE_IDENTIFIER = edu.fiu.TicTacToe;
				PRODUCT_NAME = "$(TARGET_NAME)";
				SWIFT_VERSION = 5.0;
				TARGETED_DEVICE_FAMILY = "1,2";
			};
			name = Release;
		};
		FDBCC5F2232443DC0076C007 /* Debug */ = {
			isa = XCBuildConfiguration;
			buildSettings = {
				ALWAYS_EMBED_SWIFT_STANDARD_LIBRARIES = YES;
				BUNDLE_LOADER = "$(TEST_HOST)";
				CODE_SIGN_STYLE = Automatic;
				DEVELOPMENT_TEAM = 6HJJLXA64V;
				INFOPLIST_FILE = TicTacToeTests/Info.plist;
				LD_RUNPATH_SEARCH_PATHS = (
					"$(inherited)",
					"@executable_path/Frameworks",
					"@loader_path/Frameworks",
				);
				PRODUCT_BUNDLE_IDENTIFIER = edu.fiu.TicTacToeTests;
				PRODUCT_NAME = "$(TARGET_NAME)";
				SWIFT_VERSION = 5.0;
				TARGETED_DEVICE_FAMILY = "1,2";
				TEST_HOST = "$(BUILT_PRODUCTS_DIR)/TicTacToe.app/TicTacToe";
			};
			name = Debug;
		};
		FDBCC5F3232443DC0076C007 /* Release */ = {
			isa = XCBuildConfiguration;
			buildSettings = {
				ALWAYS_EMBED_SWIFT_STANDARD_LIBRARIES = YES;
				BUNDLE_LOADER = "$(TEST_HOST)";
				CODE_SIGN_STYLE = Automatic;
				DEVELOPMENT_TEAM = 6HJJLXA64V;
				INFOPLIST_FILE = TicTacToeTests/Info.plist;
				LD_RUNPATH_SEARCH_PATHS = (
					"$(inherited)",
					"@executable_path/Frameworks",
					"@loader_path/Frameworks",
				);
				PRODUCT_BUNDLE_IDENTIFIER = edu.fiu.TicTacToeTests;
				PRODUCT_NAME = "$(TARGET_NAME)";
				SWIFT_VERSION = 5.0;
				TARGETED_DEVICE_FAMILY = "1,2";
				TEST_HOST = "$(BUILT_PRODUCTS_DIR)/TicTacToe.app/TicTacToe";
			};
			name = Release;
		};
		FDBCC5F5232443DC0076C007 /* Debug */ = {
			isa = XCBuildConfiguration;
			buildSettings = {
				ALWAYS_EMBED_SWIFT_STANDARD_LIBRARIES = YES;
				CODE_SIGN_STYLE = Automatic;
				DEVELOPMENT_TEAM = 6HJJLXA64V;
				INFOPLIST_FILE = TicTacToeUITests/Info.plist;
				LD_RUNPATH_SEARCH_PATHS = (
					"$(inherited)",
					"@executable_path/Frameworks",
					"@loader_path/Frameworks",
				);
				PRODUCT_BUNDLE_IDENTIFIER = edu.fiu.TicTacToeUITests;
				PRODUCT_NAME = "$(TARGET_NAME)";
				SWIFT_VERSION = 5.0;
				TARGETED_DEVICE_FAMILY = "1,2";
				TEST_TARGET_NAME = TicTacToe;
			};
			name = Debug;
		};
		FDBCC5F6232443DC0076C007 /* Release */ = {
			isa = XCBuildConfiguration;
			buildSettings = {
				ALWAYS_EMBED_SWIFT_STANDARD_LIBRARIES = YES;
				CODE_SIGN_STYLE = Automatic;
				DEVELOPMENT_TEAM = 6HJJLXA64V;
				INFOPLIST_FILE = TicTacToeUITests/Info.plist;
				LD_RUNPATH_SEARCH_PATHS = (
					"$(inherited)",
					"@executable_path/Frameworks",
					"@loader_path/Frameworks",
				);
				PRODUCT_BUNDLE_IDENTIFIER = edu.fiu.TicTacToeUITests;
				PRODUCT_NAME = "$(TARGET_NAME)";
				SWIFT_VERSION = 5.0;
				TARGETED_DEVICE_FAMILY = "1,2";
				TEST_TARGET_NAME = TicTacToe;
			};
			name = Release;
		};
/* End XCBuildConfiguration section */

/* Begin XCConfigurationList section */
		FDBCC5C1232443D80076C007 /* Build configuration list for PBXProject "TicTacToe" */ = {
			isa = XCConfigurationList;
			buildConfigurations = (
				FDBCC5EC232443DC0076C007 /* Debug */,
				FDBCC5ED232443DC0076C007 /* Release */,
			);
			defaultConfigurationIsVisible = 0;
			defaultConfigurationName = Release;
		};
		FDBCC5EE232443DC0076C007 /* Build configuration list for PBXNativeTarget "TicTacToe" */ = {
			isa = XCConfigurationList;
			buildConfigurations = (
				FDBCC5EF232443DC0076C007 /* Debug */,
				FDBCC5F0232443DC0076C007 /* Release */,
			);
			defaultConfigurationIsVisible = 0;
			defaultConfigurationName = Release;
		};
		FDBCC5F1232443DC0076C007 /* Build configuration list for PBXNativeTarget "TicTacToeTests" */ = {
			isa = XCConfigurationList;
			buildConfigurations = (
				FDBCC5F2232443DC0076C007 /* Debug */,
				FDBCC5F3232443DC0076C007 /* Release */,
			);
			defaultConfigurationIsVisible = 0;
			defaultConfigurationName = Release;
		};
		FDBCC5F4232443DC0076C007 /* Build configuration list for PBXNativeTarget "TicTacToeUITests" */ = {
			isa = XCConfigurationList;
			buildConfigurations = (
				FDBCC5F5232443DC0076C007 /* Debug */,
				FDBCC5F6232443DC0076C007 /* Release */,
			);
			defaultConfigurationIsVisible = 0;
			defaultConfigurationName = Release;
		};
/* End XCConfigurationList section */
	};
	rootObject = FDBCC5BE232443D80076C007 /* Project object */;
}
